# This file is generated by running "yarn install" inside your project.
# Manual changes might be lost - proceed with caution!

__metadata:
  version: 8
  cacheKey: 10c0

"@chainsafe/as-sha256@npm:1.1.0":
  version: 1.1.0
  resolution: "@chainsafe/as-sha256@npm:1.1.0"
  checksum: 10c0/b5daeeb18dccde143192f8c83fcf33e3403793cc9039eebc887a408bcace746d9352148b6d9802a3e7443fa7621fffdad933575e061a6bde034df850d4f366ed
  languageName: node
  linkType: hard

"@chainsafe/hashtree-darwin-arm64@npm:1.0.1":
  version: 1.0.1
  resolution: "@chainsafe/hashtree-darwin-arm64@npm:1.0.1"
  conditions: os=darwin & cpu=arm64
  languageName: node
  linkType: hard

"@chainsafe/hashtree-linux-arm64-gnu@npm:1.0.1":
  version: 1.0.1
  resolution: "@chainsafe/hashtree-linux-arm64-gnu@npm:1.0.1"
  conditions: os=linux & cpu=arm64 & libc=glibc
  languageName: node
  linkType: hard

"@chainsafe/hashtree-linux-x64-gnu@npm:1.0.1":
  version: 1.0.1
  resolution: "@chainsafe/hashtree-linux-x64-gnu@npm:1.0.1"
  conditions: os=linux & cpu=x64 & libc=glibc
  languageName: node
  linkType: hard

"@chainsafe/hashtree@npm:1.0.1":
  version: 1.0.1
  resolution: "@chainsafe/hashtree@npm:1.0.1"
  dependencies:
    "@chainsafe/hashtree-darwin-arm64": "npm:1.0.1"
    "@chainsafe/hashtree-linux-arm64-gnu": "npm:1.0.1"
    "@chainsafe/hashtree-linux-x64-gnu": "npm:1.0.1"
  dependenciesMeta:
    "@chainsafe/hashtree-darwin-arm64":
      optional: true
    "@chainsafe/hashtree-linux-arm64-gnu":
      optional: true
    "@chainsafe/hashtree-linux-x64-gnu":
      optional: true
  checksum: 10c0/fb2589727f222875f2e89459424809782717ce1e24a60c08ca413874134f219061a0389114a14c1fcb66a81ea34f3511a4d5916d8094f7961137fc6230d3c53f
  languageName: node
  linkType: hard

"@chainsafe/persistent-merkle-tree@npm:1.1.0":
  version: 1.1.0
  resolution: "@chainsafe/persistent-merkle-tree@npm:1.1.0"
  dependencies:
    "@chainsafe/as-sha256": "npm:1.1.0"
    "@chainsafe/hashtree": "npm:1.0.1"
    "@noble/hashes": "npm:^1.3.0"
  checksum: 10c0/e9741803071aaf9f07169040067bda622b0abd0b7e8580512ab9cb0beb51aad85941c5db910606e851ef64c2b7a46c1b05bfa6df0bcc1ea7e5f88fee144882c7
  languageName: node
  linkType: hard

"@chainsafe/ssz@npm:^1.2.0":
  version: 1.2.0
  resolution: "@chainsafe/ssz@npm:1.2.0"
  dependencies:
    "@chainsafe/as-sha256": "npm:1.1.0"
    "@chainsafe/persistent-merkle-tree": "npm:1.1.0"
  checksum: 10c0/b9b57ffe6da161f637d0398d44147d2ead5b2c2253aa406896a52587c81bf727e851ae7f5fb34522244cad501ee326875a017a963f0dbed90d7ffcc3fe6ebbb1
  languageName: node
  linkType: hard

"@lodestar/params@npm:^1.29.0":
  version: 1.29.0
  resolution: "@lodestar/params@npm:1.29.0"
  checksum: 10c0/713182418be069057b8c07315ecc624f8512e01f7216f6afa12710b619399b99b7db95d5ba9b7f0021f1f8d74e879e2237e102c333bab75b4caa75a77ad834cf
  languageName: node
  linkType: hard

"@lodestar/types@npm:^1.23.1":
  version: 1.29.0
  resolution: "@lodestar/types@npm:1.29.0"
  dependencies:
    "@chainsafe/ssz": "npm:^1.2.0"
    "@lodestar/params": "npm:^1.29.0"
    ethereum-cryptography: "npm:^2.0.0"
  checksum: 10c0/95ce1866a462efbe1e875f98ca73d2170c9fbd40950d64ad91e856190c1c4aaabee7fdc69ecee184b3d660dcbdafdbfe77b7ba609e28bbe4b9abe9d5d483126a
  languageName: node
  linkType: hard

"@noble/curves@npm:1.4.2, @noble/curves@npm:~1.4.0":
  version: 1.4.2
  resolution: "@noble/curves@npm:1.4.2"
  dependencies:
    "@noble/hashes": "npm:1.4.0"
  checksum: 10c0/65620c895b15d46e8087939db6657b46a1a15cd4e0e4de5cd84b97a0dfe0af85f33a431bb21ac88267e3dc508618245d4cb564213959d66a84d690fe18a63419
  languageName: node
  linkType: hard

"@noble/hashes@npm:1.4.0, @noble/hashes@npm:~1.4.0":
  version: 1.4.0
  resolution: "@noble/hashes@npm:1.4.0"
  checksum: 10c0/8c3f005ee72e7b8f9cff756dfae1241485187254e3f743873e22073d63906863df5d4f13d441b7530ea614b7a093f0d889309f28b59850f33b66cb26a779a4a5
  languageName: node
  linkType: hard

"@noble/hashes@npm:^1.3.0":
  version: 1.8.0
  resolution: "@noble/hashes@npm:1.8.0"
  checksum: 10c0/06a0b52c81a6fa7f04d67762e08b2c476a00285858150caeaaff4037356dd5e119f45b2a530f638b77a5eeca013168ec1b655db41bae3236cb2e9d511484fc77
  languageName: node
  linkType: hard

"@scure/base@npm:~1.1.6":
  version: 1.1.9
  resolution: "@scure/base@npm:1.1.9"
  checksum: 10c0/77a06b9a2db8144d22d9bf198338893d77367c51b58c72b99df990c0a11f7cadd066d4102abb15e3ca6798d1529e3765f55c4355742465e49aed7a0c01fe76e8
  languageName: node
  linkType: hard

"@scure/bip32@npm:1.4.0":
  version: 1.4.0
  resolution: "@scure/bip32@npm:1.4.0"
  dependencies:
    "@noble/curves": "npm:~1.4.0"
    "@noble/hashes": "npm:~1.4.0"
    "@scure/base": "npm:~1.1.6"
  checksum: 10c0/6849690d49a3bf1d0ffde9452eb16ab83478c1bc0da7b914f873e2930cd5acf972ee81320e3df1963eb247cf57e76d2d975b5f97093d37c0e3f7326581bf41bd
  languageName: node
  linkType: hard

"@scure/bip39@npm:1.3.0":
  version: 1.3.0
  resolution: "@scure/bip39@npm:1.3.0"
  dependencies:
    "@noble/hashes": "npm:~1.4.0"
    "@scure/base": "npm:~1.1.6"
  checksum: 10c0/1ae1545a7384a4d9e33e12d9e9f8824f29b0279eb175b0f0657c0a782c217920054f9a1d28eb316a417dfc6c4e0b700d6fbdc6da160670107426d52fcbe017a8
  languageName: node
  linkType: hard

"ethereum-cryptography@npm:^2.0.0":
  version: 2.2.1
  resolution: "ethereum-cryptography@npm:2.2.1"
  dependencies:
    "@noble/curves": "npm:1.4.2"
    "@noble/hashes": "npm:1.4.0"
    "@scure/bip32": "npm:1.4.0"
    "@scure/bip39": "npm:1.3.0"
  checksum: 10c0/c6c7626d393980577b57f709878b2eb91f270fe56116044b1d7afb70d5c519cddc0c072e8c05e4a335e05342eb64d9c3ab39d52f78bb75f76ad70817da9645ef
  languageName: node
  linkType: hard

"script-exit-verifier-proof@workspace:.":
  version: 0.0.0-use.local
  resolution: "script-exit-verifier-proof@workspace:."
  dependencies:
    "@lodestar/types": "npm:^1.23.1"
  languageName: unknown
  linkType: soft
